// !$*UTF8*$!
{
	archiveVersion = 1;
	classes = {
	};
	objectVersion = 50;
	objects = {

/* Begin PBXBuildFile section */
		55B93C4C216A184F00E3A657 /* AppDelegate.swift in Sources */ = {isa = PBXBuildFile; fileRef = 55B93C4B216A184F00E3A657 /* AppDelegate.swift */; };
		55B93C53216A185300E3A657 /* Assets.xcassets in Resources */ = {isa = PBXBuildFile; fileRef = 55B93C52216A185300E3A657 /* Assets.xcassets */; };
		55B93C56216A185300E3A657 /* LaunchScreen.storyboard in Resources */ = {isa = PBXBuildFile; fileRef = 55B93C54216A185300E3A657 /* LaunchScreen.storyboard */; };
		55B93C6A216A273600E3A657 /* EnvironmentManager.swift in Sources */ = {isa = PBXBuildFile; fileRef = 55B93C69216A273600E3A657 /* EnvironmentManager.swift */; };
		55B93C6C216A299400E3A657 /* BundleManager.swift in Sources */ = {isa = PBXBuildFile; fileRef = 55B93C6B216A299400E3A657 /* BundleManager.swift */; };
		55B93C6E216A2E3900E3A657 /* URLManager.swift in Sources */ = {isa = PBXBuildFile; fileRef = 55B93C6D216A2E3900E3A657 /* URLManager.swift */; };
		55B93C71216A2EFB00E3A657 /* EndPoints.swift in Sources */ = {isa = PBXBuildFile; fileRef = 55B93C70216A2EFB00E3A657 /* EndPoints.swift */; };
		55B93C73216A2F5E00E3A657 /* DevEndPoints.swift in Sources */ = {isa = PBXBuildFile; fileRef = 55B93C72216A2F5E00E3A657 /* DevEndPoints.swift */; };
		55B93C75216A319700E3A657 /* InHouseEndPoints.swift in Sources */ = {isa = PBXBuildFile; fileRef = 55B93C74216A319700E3A657 /* InHouseEndPoints.swift */; };
		55B93C77216A31A600E3A657 /* AppStoreEndPoints.swift in Sources */ = {isa = PBXBuildFile; fileRef = 55B93C76216A31A600E3A657 /* AppStoreEndPoints.swift */; };
		55B93C7A216A771D00E3A657 /* Coordinatable.swift in Sources */ = {isa = PBXBuildFile; fileRef = 55B93C79216A771D00E3A657 /* Coordinatable.swift */; };
		55B93C7E216A7E2000E3A657 /* Coordinator.swift in Sources */ = {isa = PBXBuildFile; fileRef = 55B93C7D216A7E2000E3A657 /* Coordinator.swift */; };
		55B93C81216A7ECD00E3A657 /* AppCoordinator.swift in Sources */ = {isa = PBXBuildFile; fileRef = 55B93C80216A7ECD00E3A657 /* AppCoordinator.swift */; };
		55B93C83216A7FA300E3A657 /* AuthenticationFlowCoordinator.swift in Sources */ = {isa = PBXBuildFile; fileRef = 55B93C82216A7FA300E3A657 /* AuthenticationFlowCoordinator.swift */; };
		55B93C85216A835600E3A657 /* signInViewController.swift in Sources */ = {isa = PBXBuildFile; fileRef = 55B93C84216A835600E3A657 /* signInViewController.swift */; };
		55B93C87216A84C500E3A657 /* ProfileViewController.swift in Sources */ = {isa = PBXBuildFile; fileRef = 55B93C86216A84C500E3A657 /* ProfileViewController.swift */; };
		55B93C89216A866500E3A657 /* ProfileFlowCoordinator.swift in Sources */ = {isa = PBXBuildFile; fileRef = 55B93C88216A866500E3A657 /* ProfileFlowCoordinator.swift */; };
		55B93C8C216AFF6C00E3A657 /* ForgotPasswordViewController.swift in Sources */ = {isa = PBXBuildFile; fileRef = 55B93C8B216AFF6C00E3A657 /* ForgotPasswordViewController.swift */; };
		55B93C8E216AFFE000E3A657 /* SignUpViewController.swift in Sources */ = {isa = PBXBuildFile; fileRef = 55B93C8D216AFFE000E3A657 /* SignUpViewController.swift */; };
		55B93C91216C6A2400E3A657 /* AuthenticationFactory.swift in Sources */ = {isa = PBXBuildFile; fileRef = 55B93C90216C6A2400E3A657 /* AuthenticationFactory.swift */; };
		55B93C93216C72E300E3A657 /* ProfileFactory.swift in Sources */ = {isa = PBXBuildFile; fileRef = 55B93C92216C72E300E3A657 /* ProfileFactory.swift */; };
		7999E7B8216C93E10055D21C /* ViewModelable.swift in Sources */ = {isa = PBXBuildFile; fileRef = 7999E7B7216C93E10055D21C /* ViewModelable.swift */; };
		7999E7BA216C94410055D21C /* ProfileViewModel.swift in Sources */ = {isa = PBXBuildFile; fileRef = 7999E7B9216C94410055D21C /* ProfileViewModel.swift */; };
		7999E7BC216C9D070055D21C /* Authentication.storyboard in Resources */ = {isa = PBXBuildFile; fileRef = 7999E7BB216C9D070055D21C /* Authentication.storyboard */; };
		7999E7BE216C9EBE0055D21C /* SignInViewModel.swift in Sources */ = {isa = PBXBuildFile; fileRef = 7999E7BD216C9EBE0055D21C /* SignInViewModel.swift */; };
		7999E7C0216C9EC90055D21C /* SignUpViewModel.swift in Sources */ = {isa = PBXBuildFile; fileRef = 7999E7BF216C9EC90055D21C /* SignUpViewModel.swift */; };
		7999E7C2216C9ED40055D21C /* ForgotPasswordViewModel.swift in Sources */ = {isa = PBXBuildFile; fileRef = 7999E7C1216C9ED40055D21C /* ForgotPasswordViewModel.swift */; };
		7999E7C4216CA1A10055D21C /* Profile.storyboard in Resources */ = {isa = PBXBuildFile; fileRef = 7999E7C3216CA1A10055D21C /* Profile.storyboard */; };
/* End PBXBuildFile section */

/* Begin PBXFileReference section */
		55B93C48216A184F00E3A657 /* Configuration.app */ = {isa = PBXFileReference; explicitFileType = wrapper.application; includeInIndex = 0; path = Configuration.app; sourceTree = BUILT_PRODUCTS_DIR; };
		55B93C4B216A184F00E3A657 /* AppDelegate.swift */ = {isa = PBXFileReference; lastKnownFileType = sourcecode.swift; path = AppDelegate.swift; sourceTree = "<group>"; };
		55B93C52216A185300E3A657 /* Assets.xcassets */ = {isa = PBXFileReference; lastKnownFileType = folder.assetcatalog; path = Assets.xcassets; sourceTree = "<group>"; };
		55B93C55216A185300E3A657 /* Base */ = {isa = PBXFileReference; lastKnownFileType = file.storyboard; name = Base; path = Base.lproj/LaunchScreen.storyboard; sourceTree = "<group>"; };
		55B93C57216A185300E3A657 /* Info.plist */ = {isa = PBXFileReference; lastKnownFileType = text.plist.xml; path = Info.plist; sourceTree = "<group>"; };
		55B93C69216A273600E3A657 /* EnvironmentManager.swift */ = {isa = PBXFileReference; lastKnownFileType = sourcecode.swift; path = EnvironmentManager.swift; sourceTree = "<group>"; };
		55B93C6B216A299400E3A657 /* BundleManager.swift */ = {isa = PBXFileReference; lastKnownFileType = sourcecode.swift; path = BundleManager.swift; sourceTree = "<group>"; };
		55B93C6D216A2E3900E3A657 /* URLManager.swift */ = {isa = PBXFileReference; lastKnownFileType = sourcecode.swift; path = URLManager.swift; sourceTree = "<group>"; };
		55B93C70216A2EFB00E3A657 /* EndPoints.swift */ = {isa = PBXFileReference; lastKnownFileType = sourcecode.swift; path = EndPoints.swift; sourceTree = "<group>"; };
		55B93C72216A2F5E00E3A657 /* DevEndPoints.swift */ = {isa = PBXFileReference; lastKnownFileType = sourcecode.swift; path = DevEndPoints.swift; sourceTree = "<group>"; };
		55B93C74216A319700E3A657 /* InHouseEndPoints.swift */ = {isa = PBXFileReference; lastKnownFileType = sourcecode.swift; path = InHouseEndPoints.swift; sourceTree = "<group>"; };
		55B93C76216A31A600E3A657 /* AppStoreEndPoints.swift */ = {isa = PBXFileReference; lastKnownFileType = sourcecode.swift; path = AppStoreEndPoints.swift; sourceTree = "<group>"; };
		55B93C79216A771D00E3A657 /* Coordinatable.swift */ = {isa = PBXFileReference; lastKnownFileType = sourcecode.swift; path = Coordinatable.swift; sourceTree = "<group>"; };
		55B93C7D216A7E2000E3A657 /* Coordinator.swift */ = {isa = PBXFileReference; lastKnownFileType = sourcecode.swift; path = Coordinator.swift; sourceTree = "<group>"; };
		55B93C80216A7ECD00E3A657 /* AppCoordinator.swift */ = {isa = PBXFileReference; lastKnownFileType = sourcecode.swift; path = AppCoordinator.swift; sourceTree = "<group>"; };
		55B93C82216A7FA300E3A657 /* AuthenticationFlowCoordinator.swift */ = {isa = PBXFileReference; lastKnownFileType = sourcecode.swift; path = AuthenticationFlowCoordinator.swift; sourceTree = "<group>"; };
		55B93C84216A835600E3A657 /* signInViewController.swift */ = {isa = PBXFileReference; lastKnownFileType = sourcecode.swift; path = signInViewController.swift; sourceTree = "<group>"; };
		55B93C86216A84C500E3A657 /* ProfileViewController.swift */ = {isa = PBXFileReference; lastKnownFileType = sourcecode.swift; path = ProfileViewController.swift; sourceTree = "<group>"; };
		55B93C88216A866500E3A657 /* ProfileFlowCoordinator.swift */ = {isa = PBXFileReference; lastKnownFileType = sourcecode.swift; path = ProfileFlowCoordinator.swift; sourceTree = "<group>"; };
		55B93C8B216AFF6C00E3A657 /* ForgotPasswordViewController.swift */ = {isa = PBXFileReference; lastKnownFileType = sourcecode.swift; path = ForgotPasswordViewController.swift; sourceTree = "<group>"; };
		55B93C8D216AFFE000E3A657 /* SignUpViewController.swift */ = {isa = PBXFileReference; lastKnownFileType = sourcecode.swift; path = SignUpViewController.swift; sourceTree = "<group>"; };
		55B93C90216C6A2400E3A657 /* AuthenticationFactory.swift */ = {isa = PBXFileReference; lastKnownFileType = sourcecode.swift; path = AuthenticationFactory.swift; sourceTree = "<group>"; };
		55B93C92216C72E300E3A657 /* ProfileFactory.swift */ = {isa = PBXFileReference; lastKnownFileType = sourcecode.swift; path = ProfileFactory.swift; sourceTree = "<group>"; };
		7999E7B7216C93E10055D21C /* ViewModelable.swift */ = {isa = PBXFileReference; lastKnownFileType = sourcecode.swift; path = ViewModelable.swift; sourceTree = "<group>"; };
		7999E7B9216C94410055D21C /* ProfileViewModel.swift */ = {isa = PBXFileReference; lastKnownFileType = sourcecode.swift; path = ProfileViewModel.swift; sourceTree = "<group>"; };
		7999E7BB216C9D070055D21C /* Authentication.storyboard */ = {isa = PBXFileReference; lastKnownFileType = file.storyboard; path = Authentication.storyboard; sourceTree = "<group>"; };
		7999E7BD216C9EBE0055D21C /* SignInViewModel.swift */ = {isa = PBXFileReference; lastKnownFileType = sourcecode.swift; path = SignInViewModel.swift; sourceTree = "<group>"; };
		7999E7BF216C9EC90055D21C /* SignUpViewModel.swift */ = {isa = PBXFileReference; lastKnownFileType = sourcecode.swift; path = SignUpViewModel.swift; sourceTree = "<group>"; };
		7999E7C1216C9ED40055D21C /* ForgotPasswordViewModel.swift */ = {isa = PBXFileReference; lastKnownFileType = sourcecode.swift; path = ForgotPasswordViewModel.swift; sourceTree = "<group>"; };
		7999E7C3216CA1A10055D21C /* Profile.storyboard */ = {isa = PBXFileReference; lastKnownFileType = file.storyboard; path = Profile.storyboard; sourceTree = "<group>"; };
/* End PBXFileReference section */

/* Begin PBXFrameworksBuildPhase section */
		55B93C45216A184F00E3A657 /* Frameworks */ = {
			isa = PBXFrameworksBuildPhase;
			buildActionMask = 2147483647;
			files = (
			);
			runOnlyForDeploymentPostprocessing = 0;
		};
/* End PBXFrameworksBuildPhase section */

/* Begin PBXGroup section */
		55B93C3F216A184F00E3A657 = {
			isa = PBXGroup;
			children = (
				55B93C4A216A184F00E3A657 /* Configuration */,
				55B93C49216A184F00E3A657 /* Products */,
			);
			sourceTree = "<group>";
		};
		55B93C49216A184F00E3A657 /* Products */ = {
			isa = PBXGroup;
			children = (
				55B93C48216A184F00E3A657 /* Configuration.app */,
			);
			name = Products;
			sourceTree = "<group>";
		};
		55B93C4A216A184F00E3A657 /* Configuration */ = {
			isa = PBXGroup;
			children = (
				55B93C4B216A184F00E3A657 /* AppDelegate.swift */,
				55B93C8F216C69F500E3A657 /* ModuleFactories */,
				55B93C7F216A7E7200E3A657 /* Coordinator */,
				7999E7B6216C93CC0055D21C /* ViewModel */,
				55B93C8A216AFF4900E3A657 /* ViewControllers */,
				55B93C6F216A2EC700E3A657 /* EndPoints */,
				55B93C78216A356F00E3A657 /* Managers */,
				7999E7C5216CB0240055D21C /* Resources */,
				55B93C57216A185300E3A657 /* Info.plist */,
			);
			path = Configuration;
			sourceTree = "<group>";
		};
		55B93C6F216A2EC700E3A657 /* EndPoints */ = {
			isa = PBXGroup;
			children = (
				55B93C70216A2EFB00E3A657 /* EndPoints.swift */,
				55B93C72216A2F5E00E3A657 /* DevEndPoints.swift */,
				55B93C74216A319700E3A657 /* InHouseEndPoints.swift */,
				55B93C76216A31A600E3A657 /* AppStoreEndPoints.swift */,
			);
			path = EndPoints;
			sourceTree = "<group>";
		};
		55B93C78216A356F00E3A657 /* Managers */ = {
			isa = PBXGroup;
			children = (
				55B93C6B216A299400E3A657 /* BundleManager.swift */,
				55B93C69216A273600E3A657 /* EnvironmentManager.swift */,
				55B93C6D216A2E3900E3A657 /* URLManager.swift */,
			);
			path = Managers;
			sourceTree = "<group>";
		};
		55B93C7F216A7E7200E3A657 /* Coordinator */ = {
			isa = PBXGroup;
			children = (
				7999E7C7216CB0780055D21C /* Commmon */,
				55B93C80216A7ECD00E3A657 /* AppCoordinator.swift */,
				55B93C82216A7FA300E3A657 /* AuthenticationFlowCoordinator.swift */,
				55B93C88216A866500E3A657 /* ProfileFlowCoordinator.swift */,
			);
			path = Coordinator;
			sourceTree = "<group>";
		};
		55B93C8A216AFF4900E3A657 /* ViewControllers */ = {
			isa = PBXGroup;
			children = (
				55B93C84216A835600E3A657 /* signInViewController.swift */,
				55B93C8D216AFFE000E3A657 /* SignUpViewController.swift */,
				55B93C8B216AFF6C00E3A657 /* ForgotPasswordViewController.swift */,
				55B93C86216A84C500E3A657 /* ProfileViewController.swift */,
			);
			path = ViewControllers;
			sourceTree = "<group>";
		};
		55B93C8F216C69F500E3A657 /* ModuleFactories */ = {
			isa = PBXGroup;
			children = (
				55B93C90216C6A2400E3A657 /* AuthenticationFactory.swift */,
				55B93C92216C72E300E3A657 /* ProfileFactory.swift */,
			);
			path = ModuleFactories;
			sourceTree = "<group>";
		};
		7999E7B6216C93CC0055D21C /* ViewModel */ = {
			isa = PBXGroup;
			children = (
				7999E7B7216C93E10055D21C /* ViewModelable.swift */,
				7999E7B9216C94410055D21C /* ProfileViewModel.swift */,
				7999E7BD216C9EBE0055D21C /* SignInViewModel.swift */,
				7999E7BF216C9EC90055D21C /* SignUpViewModel.swift */,
				7999E7C1216C9ED40055D21C /* ForgotPasswordViewModel.swift */,
			);
			path = ViewModel;
			sourceTree = "<group>";
		};
		7999E7C5216CB0240055D21C /* Resources */ = {
			isa = PBXGroup;
			children = (
				7999E7C6216CB0330055D21C /* Storyboards */,
				55B93C52216A185300E3A657 /* Assets.xcassets */,
			);
			path = Resources;
			sourceTree = "<group>";
		};
		7999E7C6216CB0330055D21C /* Storyboards */ = {
			isa = PBXGroup;
			children = (
				55B93C54216A185300E3A657 /* LaunchScreen.storyboard */,
				7999E7BB216C9D070055D21C /* Authentication.storyboard */,
				7999E7C3216CA1A10055D21C /* Profile.storyboard */,
			);
			path = Storyboards;
			sourceTree = "<group>";
		};
		7999E7C7216CB0780055D21C /* Commmon */ = {
			isa = PBXGroup;
			children = (
				55B93C79216A771D00E3A657 /* Coordinatable.swift */,
				55B93C7D216A7E2000E3A657 /* Coordinator.swift */,
			);
			path = Commmon;
			sourceTree = "<group>";
		};
/* End PBXGroup section */

/* Begin PBXNativeTarget section */
		55B93C47216A184F00E3A657 /* Configuration */ = {
			isa = PBXNativeTarget;
			buildConfigurationList = 55B93C5A216A185300E3A657 /* Build configuration list for PBXNativeTarget "Configuration" */;
			buildPhases = (
				55B93C44216A184F00E3A657 /* Sources */,
				55B93C45216A184F00E3A657 /* Frameworks */,
				55B93C46216A184F00E3A657 /* Resources */,
			);
			buildRules = (
			);
			dependencies = (
			);
			name = Configuration;
			productName = Configuration;
			productReference = 55B93C48216A184F00E3A657 /* Configuration.app */;
			productType = "com.apple.product-type.application";
		};
/* End PBXNativeTarget section */

/* Begin PBXProject section */
		55B93C40216A184F00E3A657 /* Project object */ = {
			isa = PBXProject;
			attributes = {
				LastSwiftUpdateCheck = 1000;
				LastUpgradeCheck = 1000;
				ORGANIZATIONNAME = "Lakshmi Narayanan N";
				TargetAttributes = {
					55B93C47216A184F00E3A657 = {
						CreatedOnToolsVersion = 10.0;
					};
				};
			};
			buildConfigurationList = 55B93C43216A184F00E3A657 /* Build configuration list for PBXProject "Configuration" */;
			compatibilityVersion = "Xcode 9.3";
			developmentRegion = en;
			hasScannedForEncodings = 0;
			knownRegions = (
				en,
				Base,
			);
			mainGroup = 55B93C3F216A184F00E3A657;
			productRefGroup = 55B93C49216A184F00E3A657 /* Products */;
			projectDirPath = "";
			projectRoot = "";
			targets = (
				55B93C47216A184F00E3A657 /* Configuration */,
			);
		};
/* End PBXProject section */

/* Begin PBXResourcesBuildPhase section */
		55B93C46216A184F00E3A657 /* Resources */ = {
			isa = PBXResourcesBuildPhase;
			buildActionMask = 2147483647;
			files = (
				7999E7BC216C9D070055D21C /* Authentication.storyboard in Resources */,
				55B93C56216A185300E3A657 /* LaunchScreen.storyboard in Resources */,
				7999E7C4216CA1A10055D21C /* Profile.storyboard in Resources */,
				55B93C53216A185300E3A657 /* Assets.xcassets in Resources */,
			);
			runOnlyForDeploymentPostprocessing = 0;
		};
/* End PBXResourcesBuildPhase section */

/* Begin PBXSourcesBuildPhase section */
		55B93C44216A184F00E3A657 /* Sources */ = {
			isa = PBXSourcesBuildPhase;
			buildActionMask = 2147483647;
			files = (
				7999E7C2216C9ED40055D21C /* ForgotPasswordViewModel.swift in Sources */,
				55B93C85216A835600E3A657 /* signInViewController.swift in Sources */,
				55B93C81216A7ECD00E3A657 /* AppCoordinator.swift in Sources */,
				55B93C71216A2EFB00E3A657 /* EndPoints.swift in Sources */,
				55B93C8C216AFF6C00E3A657 /* ForgotPasswordViewController.swift in Sources */,
				55B93C7A216A771D00E3A657 /* Coordinatable.swift in Sources */,
				55B93C8E216AFFE000E3A657 /* SignUpViewController.swift in Sources */,
				7999E7BA216C94410055D21C /* ProfileViewModel.swift in Sources */,
				55B93C87216A84C500E3A657 /* ProfileViewController.swift in Sources */,
				7999E7BE216C9EBE0055D21C /* SignInViewModel.swift in Sources */,
				55B93C83216A7FA300E3A657 /* AuthenticationFlowCoordinator.swift in Sources */,
				55B93C91216C6A2400E3A657 /* AuthenticationFactory.swift in Sources */,
				55B93C6A216A273600E3A657 /* EnvironmentManager.swift in Sources */,
				55B93C4C216A184F00E3A657 /* AppDelegate.swift in Sources */,
				7999E7C0216C9EC90055D21C /* SignUpViewModel.swift in Sources */,
				55B93C73216A2F5E00E3A657 /* DevEndPoints.swift in Sources */,
				7999E7B8216C93E10055D21C /* ViewModelable.swift in Sources */,
				55B93C75216A319700E3A657 /* InHouseEndPoints.swift in Sources */,
				55B93C93216C72E300E3A657 /* ProfileFactory.swift in Sources */,
				55B93C89216A866500E3A657 /* ProfileFlowCoordinator.swift in Sources */,
				55B93C6E216A2E3900E3A657 /* URLManager.swift in Sources */,
				55B93C77216A31A600E3A657 /* AppStoreEndPoints.swift in Sources */,
				55B93C7E216A7E2000E3A657 /* Coordinator.swift in Sources */,
				55B93C6C216A299400E3A657 /* BundleManager.swift in Sources */,
			);
			runOnlyForDeploymentPostprocessing = 0;
		};
/* End PBXSourcesBuildPhase section */

/* Begin PBXVariantGroup section */
		55B93C54216A185300E3A657 /* LaunchScreen.storyboard */ = {
			isa = PBXVariantGroup;
			children = (
				55B93C55216A185300E3A657 /* Base */,
			);
			name = LaunchScreen.storyboard;
			sourceTree = "<group>";
		};
/* End PBXVariantGroup section */

/* Begin XCBuildConfiguration section */
		55B93C5D216A196F00E3A657 /* Devlope */ = {
			isa = XCBuildConfiguration;
			buildSettings = {
				ALWAYS_SEARCH_USER_PATHS = NO;
				CLANG_ANALYZER_NONNULL = YES;
				CLANG_ANALYZER_NUMBER_OBJECT_CONVERSION = YES_AGGRESSIVE;
				CLANG_CXX_LANGUAGE_STANDARD = "gnu++14";
				CLANG_CXX_LIBRARY = "libc++";
				CLANG_ENABLE_MODULES = YES;
				CLANG_ENABLE_OBJC_ARC = YES;
				CLANG_ENABLE_OBJC_WEAK = YES;
				CLANG_WARN_BLOCK_CAPTURE_AUTORELEASING = YES;
				CLANG_WARN_BOOL_CONVERSION = YES;
				CLANG_WARN_COMMA = YES;
				CLANG_WARN_CONSTANT_CONVERSION = YES;
				CLANG_WARN_DEPRECATED_OBJC_IMPLEMENTATIONS = YES;
				CLANG_WARN_DIRECT_OBJC_ISA_USAGE = YES_ERROR;
				CLANG_WARN_DOCUMENTATION_COMMENTS = YES;
				CLANG_WARN_EMPTY_BODY = YES;
				CLANG_WARN_ENUM_CONVERSION = YES;
				CLANG_WARN_INFINITE_RECURSION = YES;
				CLANG_WARN_INT_CONVERSION = YES;
				CLANG_WARN_NON_LITERAL_NULL_CONVERSION = YES;
				CLANG_WARN_OBJC_IMPLICIT_RETAIN_SELF = YES;
				CLANG_WARN_OBJC_LITERAL_CONVERSION = YES;
				CLANG_WARN_OBJC_ROOT_CLASS = YES_ERROR;
				CLANG_WARN_RANGE_LOOP_ANALYSIS = YES;
				CLANG_WARN_STRICT_PROTOTYPES = YES;
				CLANG_WARN_SUSPICIOUS_MOVE = YES;
				CLANG_WARN_UNGUARDED_AVAILABILITY = YES_AGGRESSIVE;
				CLANG_WARN_UNREACHABLE_CODE = YES;
				CLANG_WARN__DUPLICATE_METHOD_MATCH = YES;
				CODE_SIGN_IDENTITY = "iPhone Developer";
				COPY_PHASE_STRIP = NO;
				DEBUG_INFORMATION_FORMAT = dwarf;
				ENABLE_STRICT_OBJC_MSGSEND = YES;
				ENABLE_TESTABILITY = YES;
				GCC_C_LANGUAGE_STANDARD = gnu11;
				GCC_DYNAMIC_NO_PIC = NO;
				GCC_NO_COMMON_BLOCKS = YES;
				GCC_OPTIMIZATION_LEVEL = 0;
				GCC_PREPROCESSOR_DEFINITIONS = (
					"DEBUG=1",
					"$(inherited)",
				);
				GCC_WARN_64_TO_32_BIT_CONVERSION = YES;
				GCC_WARN_ABOUT_RETURN_TYPE = YES_ERROR;
				GCC_WARN_UNDECLARED_SELECTOR = YES;
				GCC_WARN_UNINITIALIZED_AUTOS = YES_AGGRESSIVE;
				GCC_WARN_UNUSED_FUNCTION = YES;
				GCC_WARN_UNUSED_VARIABLE = YES;
				IPHONEOS_DEPLOYMENT_TARGET = 12.0;
				MTL_ENABLE_DEBUG_INFO = INCLUDE_SOURCE;
				MTL_FAST_MATH = YES;
				ONLY_ACTIVE_ARCH = YES;
				SDKROOT = iphoneos;
				SWIFT_ACTIVE_COMPILATION_CONDITIONS = DEBUG;
				SWIFT_OPTIMIZATION_LEVEL = "-Onone";
			};
			name = Devlope;
		};
		55B93C5E216A196F00E3A657 /* Devlope */ = {
			isa = XCBuildConfiguration;
			buildSettings = {
				ASSETCATALOG_COMPILER_APPICON_NAME = AppIcon;
				CODE_SIGN_STYLE = Automatic;
				DEVELOPMENT_TEAM = U8KBYR2PXB;
				INFOPLIST_FILE = Configuration/Info.plist;
				IPHONEOS_DEPLOYMENT_TARGET = 11.0;
				LD_RUNPATH_SEARCH_PATHS = (
					"$(inherited)",
					"@executable_path/Frameworks",
				);
				OTHER_SWIFT_FLAGS = "-DDevelop";
				PRODUCT_BUNDLE_IDENTIFIER = "com.chokker.god-dev";
				PRODUCT_NAME = "$(TARGET_NAME)";
				SWIFT_VERSION = 4.2;
				TARGETED_DEVICE_FAMILY = "1,2";
			};
			name = Devlope;
		};
		55B93C5F216A197900E3A657 /* InHouse */ = {
			isa = XCBuildConfiguration;
			buildSettings = {
				ALWAYS_SEARCH_USER_PATHS = NO;
				CLANG_ANALYZER_NONNULL = YES;
				CLANG_ANALYZER_NUMBER_OBJECT_CONVERSION = YES_AGGRESSIVE;
				CLANG_CXX_LANGUAGE_STANDARD = "gnu++14";
				CLANG_CXX_LIBRARY = "libc++";
				CLANG_ENABLE_MODULES = YES;
				CLANG_ENABLE_OBJC_ARC = YES;
				CLANG_ENABLE_OBJC_WEAK = YES;
				CLANG_WARN_BLOCK_CAPTURE_AUTORELEASING = YES;
				CLANG_WARN_BOOL_CONVERSION = YES;
				CLANG_WARN_COMMA = YES;
				CLANG_WARN_CONSTANT_CONVERSION = YES;
				CLANG_WARN_DEPRECATED_OBJC_IMPLEMENTATIONS = YES;
				CLANG_WARN_DIRECT_OBJC_ISA_USAGE = YES_ERROR;
				CLANG_WARN_DOCUMENTATION_COMMENTS = YES;
				CLANG_WARN_EMPTY_BODY = YES;
				CLANG_WARN_ENUM_CONVERSION = YES;
				CLANG_WARN_INFINITE_RECURSION = YES;
				CLANG_WARN_INT_CONVERSION = YES;
				CLANG_WARN_NON_LITERAL_NULL_CONVERSION = YES;
				CLANG_WARN_OBJC_IMPLICIT_RETAIN_SELF = YES;
				CLANG_WARN_OBJC_LITERAL_CONVERSION = YES;
				CLANG_WARN_OBJC_ROOT_CLASS = YES_ERROR;
				CLANG_WARN_RANGE_LOOP_ANALYSIS = YES;
				CLANG_WARN_STRICT_PROTOTYPES = YES;
				CLANG_WARN_SUSPICIOUS_MOVE = YES;
				CLANG_WARN_UNGUARDED_AVAILABILITY = YES_AGGRESSIVE;
				CLANG_WARN_UNREACHABLE_CODE = YES;
				CLANG_WARN__DUPLICATE_METHOD_MATCH = YES;
				CODE_SIGN_IDENTITY = "iPhone Developer";
				COPY_PHASE_STRIP = NO;
				DEBUG_INFORMATION_FORMAT = "dwarf-with-dsym";
				ENABLE_NS_ASSERTIONS = NO;
				ENABLE_STRICT_OBJC_MSGSEND = YES;
				GCC_C_LANGUAGE_STANDARD = gnu11;
				GCC_NO_COMMON_BLOCKS = YES;
				GCC_WARN_64_TO_32_BIT_CONVERSION = YES;
				GCC_WARN_ABOUT_RETURN_TYPE = YES_ERROR;
				GCC_WARN_UNDECLARED_SELECTOR = YES;
				GCC_WARN_UNINITIALIZED_AUTOS = YES_AGGRESSIVE;
				GCC_WARN_UNUSED_FUNCTION = YES;
				GCC_WARN_UNUSED_VARIABLE = YES;
				IPHONEOS_DEPLOYMENT_TARGET = 12.0;
				MTL_ENABLE_DEBUG_INFO = NO;
				MTL_FAST_MATH = YES;
				SDKROOT = iphoneos;
				SWIFT_COMPILATION_MODE = wholemodule;
				SWIFT_OPTIMIZATION_LEVEL = "-O";
				VALIDATE_PRODUCT = YES;
			};
			name = InHouse;
		};
		55B93C60216A197900E3A657 /* InHouse */ = {
			isa = XCBuildConfiguration;
			buildSettings = {
				ASSETCATALOG_COMPILER_APPICON_NAME = AppIcon;
				CODE_SIGN_STYLE = Automatic;
				DEVELOPMENT_TEAM = U8KBYR2PXB;
				INFOPLIST_FILE = Configuration/Info.plist;
				IPHONEOS_DEPLOYMENT_TARGET = 11.0;
				LD_RUNPATH_SEARCH_PATHS = (
					"$(inherited)",
					"@executable_path/Frameworks",
				);
				OTHER_SWIFT_FLAGS = "-DInHouse";
				PRODUCT_BUNDLE_IDENTIFIER = "com.chokker.god-inhouse";
				PRODUCT_NAME = "$(TARGET_NAME)";
				SWIFT_VERSION = 4.2;
				TARGETED_DEVICE_FAMILY = "1,2";
			};
			name = InHouse;
		};
		55B93C61216A198100E3A657 /* AppStore */ = {
			isa = XCBuildConfiguration;
			buildSettings = {
				ALWAYS_SEARCH_USER_PATHS = NO;
				CLANG_ANALYZER_NONNULL = YES;
				CLANG_ANALYZER_NUMBER_OBJECT_CONVERSION = YES_AGGRESSIVE;
				CLANG_CXX_LANGUAGE_STANDARD = "gnu++14";
				CLANG_CXX_LIBRARY = "libc++";
				CLANG_ENABLE_MODULES = YES;
				CLANG_ENABLE_OBJC_ARC = YES;
				CLANG_ENABLE_OBJC_WEAK = YES;
				CLANG_WARN_BLOCK_CAPTURE_AUTORELEASING = YES;
				CLANG_WARN_BOOL_CONVERSION = YES;
				CLANG_WARN_COMMA = YES;
				CLANG_WARN_CONSTANT_CONVERSION = YES;
				CLANG_WARN_DEPRECATED_OBJC_IMPLEMENTATIONS = YES;
				CLANG_WARN_DIRECT_OBJC_ISA_USAGE = YES_ERROR;
				CLANG_WARN_DOCUMENTATION_COMMENTS = YES;
				CLANG_WARN_EMPTY_BODY = YES;
				CLANG_WARN_ENUM_CONVERSION = YES;
				CLANG_WARN_INFINITE_RECURSION = YES;
				CLANG_WARN_INT_CONVERSION = YES;
				CLANG_WARN_NON_LITERAL_NULL_CONVERSION = YES;
				CLANG_WARN_OBJC_IMPLICIT_RETAIN_SELF = YES;
				CLANG_WARN_OBJC_LITERAL_CONVERSION = YES;
				CLANG_WARN_OBJC_ROOT_CLASS = YES_ERROR;
				CLANG_WARN_RANGE_LOOP_ANALYSIS = YES;
				CLANG_WARN_STRICT_PROTOTYPES = YES;
				CLANG_WARN_SUSPICIOUS_MOVE = YES;
				CLANG_WARN_UNGUARDED_AVAILABILITY = YES_AGGRESSIVE;
				CLANG_WARN_UNREACHABLE_CODE = YES;
				CLANG_WARN__DUPLICATE_METHOD_MATCH = YES;
				CODE_SIGN_IDENTITY = "iPhone Developer";
				COPY_PHASE_STRIP = NO;
				DEBUG_INFORMATION_FORMAT = "dwarf-with-dsym";
				ENABLE_NS_ASSERTIONS = NO;
				ENABLE_STRICT_OBJC_MSGSEND = YES;
				GCC_C_LANGUAGE_STANDARD = gnu11;
				GCC_NO_COMMON_BLOCKS = YES;
				GCC_WARN_64_TO_32_BIT_CONVERSION = YES;
				GCC_WARN_ABOUT_RETURN_TYPE = YES_ERROR;
				GCC_WARN_UNDECLARED_SELECTOR = YES;
				GCC_WARN_UNINITIALIZED_AUTOS = YES_AGGRESSIVE;
				GCC_WARN_UNUSED_FUNCTION = YES;
				GCC_WARN_UNUSED_VARIABLE = YES;
				IPHONEOS_DEPLOYMENT_TARGET = 12.0;
				MTL_ENABLE_DEBUG_INFO = NO;
				MTL_FAST_MATH = YES;
				SDKROOT = iphoneos;
				SWIFT_COMPILATION_MODE = wholemodule;
				SWIFT_OPTIMIZATION_LEVEL = "-O";
				VALIDATE_PRODUCT = YES;
			};
			name = AppStore;
		};
		55B93C62216A198100E3A657 /* AppStore */ = {
			isa = XCBuildConfiguration;
			buildSettings = {
				ASSETCATALOG_COMPILER_APPICON_NAME = AppIcon;
				CODE_SIGN_STYLE = Automatic;
				DEVELOPMENT_TEAM = U8KBYR2PXB;
				INFOPLIST_FILE = Configuration/Info.plist;
				IPHONEOS_DEPLOYMENT_TARGET = 11.0;
				LD_RUNPATH_SEARCH_PATHS = (
					"$(inherited)",
					"@executable_path/Frameworks",
				);
				OTHER_SWIFT_FLAGS = "-DAppStore";
				PRODUCT_BUNDLE_IDENTIFIER = com.chokker.god;
				PRODUCT_NAME = "$(TARGET_NAME)";
				SWIFT_VERSION = 4.2;
				TARGETED_DEVICE_FAMILY = "1,2";
			};
			name = AppStore;
		};
/* End XCBuildConfiguration section */

/* Begin XCConfigurationList section */
		55B93C43216A184F00E3A657 /* Build configuration list for PBXProject "Configuration" */ = {
			isa = XCConfigurationList;
			buildConfigurations = (
				55B93C5D216A196F00E3A657 /* Devlope */,
				55B93C61216A198100E3A657 /* AppStore */,
				55B93C5F216A197900E3A657 /* InHouse */,
			);
			defaultConfigurationIsVisible = 0;
			defaultConfigurationName = Devlope;
		};
		55B93C5A216A185300E3A657 /* Build configuration list for PBXNativeTarget "Configuration" */ = {
			isa = XCConfigurationList;
			buildConfigurations = (
				55B93C5E216A196F00E3A657 /* Devlope */,
				55B93C62216A198100E3A657 /* AppStore */,
				55B93C60216A197900E3A657 /* InHouse */,
			);
			defaultConfigurationIsVisible = 0;
			defaultConfigurationName = Devlope;
		};
/* End XCConfigurationList section */
	};
	rootObject = 55B93C40216A184F00E3A657 /* Project object */;
}
